// !$*UTF8*$!
{
	archiveVersion = 1;
	classes = {
	};
	objectVersion = 50;
	objects = {

/* Begin PBXBuildFile section */
		3501600F21E3246C007B154E /* food1.png in Resources */ = {isa = PBXBuildFile; fileRef = 3501600E21E3246B007B154E /* food1.png */; };
		3540394021E853C6008BF174 /* body4.png in Resources */ = {isa = PBXBuildFile; fileRef = 3540393C21E853C6008BF174 /* body4.png */; };
		3540394121E853C6008BF174 /* body3.png in Resources */ = {isa = PBXBuildFile; fileRef = 3540393D21E853C6008BF174 /* body3.png */; };
		3540394221E853C6008BF174 /* body2.png in Resources */ = {isa = PBXBuildFile; fileRef = 3540393E21E853C6008BF174 /* body2.png */; };
		3540394321E853C6008BF174 /* body1.png in Resources */ = {isa = PBXBuildFile; fileRef = 3540393F21E853C6008BF174 /* body1.png */; };
		3540394821E853CF008BF174 /* head4.png in Resources */ = {isa = PBXBuildFile; fileRef = 3540394421E853CF008BF174 /* head4.png */; };
		3540394921E853CF008BF174 /* head1.png in Resources */ = {isa = PBXBuildFile; fileRef = 3540394521E853CF008BF174 /* head1.png */; };
		3540394A21E853CF008BF174 /* head2.png in Resources */ = {isa = PBXBuildFile; fileRef = 3540394621E853CF008BF174 /* head2.png */; };
		3540394B21E853CF008BF174 /* head3.png in Resources */ = {isa = PBXBuildFile; fileRef = 3540394721E853CF008BF174 /* head3.png */; };
		3540394F21E853D8008BF174 /* tail2.png in Resources */ = {isa = PBXBuildFile; fileRef = 3540394C21E853D8008BF174 /* tail2.png */; };
		3540395021E853D8008BF174 /* tail3.png in Resources */ = {isa = PBXBuildFile; fileRef = 3540394D21E853D8008BF174 /* tail3.png */; };
		3540395121E853D8008BF174 /* tail4.png in Resources */ = {isa = PBXBuildFile; fileRef = 3540394E21E853D8008BF174 /* tail4.png */; };
		53F27D0221DDEAE40006366E /* EditTableViewController.swift in Sources */ = {isa = PBXBuildFile; fileRef = 53F27D0121DDEAE40006366E /* EditTableViewController.swift */; };
		53F27D0421DDEAEC0006366E /* GameViewController.swift in Sources */ = {isa = PBXBuildFile; fileRef = 53F27D0321DDEAEC0006366E /* GameViewController.swift */; };
		53F27D0621DDEAF30006366E /* MainViewController.swift in Sources */ = {isa = PBXBuildFile; fileRef = 53F27D0521DDEAF30006366E /* MainViewController.swift */; };
		53F27D0821DDEAFA0006366E /* RankTableViewCell.swift in Sources */ = {isa = PBXBuildFile; fileRef = 53F27D0721DDEAFA0006366E /* RankTableViewCell.swift */; };
		53F27D0A21DDEB000006366E /* RankTableViewController.swift in Sources */ = {isa = PBXBuildFile; fileRef = 53F27D0921DDEB000006366E /* RankTableViewController.swift */; };
		53F27D0C21DDEB0D0006366E /* User.swift in Sources */ = {isa = PBXBuildFile; fileRef = 53F27D0B21DDEB0D0006366E /* User.swift */; };
		8DAFA9F120E2D3E800B4F216 /* Setting.swift in Sources */ = {isa = PBXBuildFile; fileRef = 8DAFA9F020E2D3E800B4F216 /* Setting.swift */; };
		8DAFA9F320E2DA3A00B4F216 /* SettingViewController.swift in Sources */ = {isa = PBXBuildFile; fileRef = 8DAFA9F220E2DA3A00B4F216 /* SettingViewController.swift */; };
		8DCE82AA20E20F0300118C18 /* AppDelegate.swift in Sources */ = {isa = PBXBuildFile; fileRef = 8DCE82A920E20F0300118C18 /* AppDelegate.swift */; };
		8DCE82AC20E20F0400118C18 /* ViewController.swift in Sources */ = {isa = PBXBuildFile; fileRef = 8DCE82AB20E20F0400118C18 /* ViewController.swift */; };
		8DCE82AF20E20F0400118C18 /* Main.storyboard in Resources */ = {isa = PBXBuildFile; fileRef = 8DCE82AD20E20F0400118C18 /* Main.storyboard */; };
		8DCE82B120E20F0400118C18 /* Assets.xcassets in Resources */ = {isa = PBXBuildFile; fileRef = 8DCE82B020E20F0400118C18 /* Assets.xcassets */; };
		8DCE82B420E20F0400118C18 /* LaunchScreen.storyboard in Resources */ = {isa = PBXBuildFile; fileRef = 8DCE82B220E20F0400118C18 /* LaunchScreen.storyboard */; };
		8DCE82BC20E2114500118C18 /* Game.swift in Sources */ = {isa = PBXBuildFile; fileRef = 8DCE82BB20E2114500118C18 /* Game.swift */; };
		8DCE82E220E2761700118C18 /* tail1.png in Resources */ = {isa = PBXBuildFile; fileRef = 8DCE82DE20E2761600118C18 /* tail1.png */; };
/* End PBXBuildFile section */

/* Begin PBXFileReference section */
		3501600E21E3246B007B154E /* food1.png */ = {isa = PBXFileReference; lastKnownFileType = image.png; path = food1.png; sourceTree = "<group>"; };
		3540393C21E853C6008BF174 /* body4.png */ = {isa = PBXFileReference; lastKnownFileType = image.png; path = body4.png; sourceTree = "<group>"; };
		3540393D21E853C6008BF174 /* body3.png */ = {isa = PBXFileReference; lastKnownFileType = image.png; path = body3.png; sourceTree = "<group>"; };
		3540393E21E853C6008BF174 /* body2.png */ = {isa = PBXFileReference; lastKnownFileType = image.png; path = body2.png; sourceTree = "<group>"; };
		3540393F21E853C6008BF174 /* body1.png */ = {isa = PBXFileReference; lastKnownFileType = image.png; path = body1.png; sourceTree = "<group>"; };
		3540394421E853CF008BF174 /* head4.png */ = {isa = PBXFileReference; lastKnownFileType = image.png; path = head4.png; sourceTree = "<group>"; };
		3540394521E853CF008BF174 /* head1.png */ = {isa = PBXFileReference; lastKnownFileType = image.png; path = head1.png; sourceTree = "<group>"; };
		3540394621E853CF008BF174 /* head2.png */ = {isa = PBXFileReference; lastKnownFileType = image.png; path = head2.png; sourceTree = "<group>"; };
		3540394721E853CF008BF174 /* head3.png */ = {isa = PBXFileReference; lastKnownFileType = image.png; path = head3.png; sourceTree = "<group>"; };
		3540394C21E853D8008BF174 /* tail2.png */ = {isa = PBXFileReference; lastKnownFileType = image.png; path = tail2.png; sourceTree = "<group>"; };
		3540394D21E853D8008BF174 /* tail3.png */ = {isa = PBXFileReference; lastKnownFileType = image.png; path = tail3.png; sourceTree = "<group>"; };
		3540394E21E853D8008BF174 /* tail4.png */ = {isa = PBXFileReference; lastKnownFileType = image.png; path = tail4.png; sourceTree = "<group>"; };
		53F27D0121DDEAE40006366E /* EditTableViewController.swift */ = {isa = PBXFileReference; fileEncoding = 4; lastKnownFileType = sourcecode.swift; path = EditTableViewController.swift; sourceTree = "<group>"; };
		53F27D0321DDEAEC0006366E /* GameViewController.swift */ = {isa = PBXFileReference; fileEncoding = 4; lastKnownFileType = sourcecode.swift; path = GameViewController.swift; sourceTree = "<group>"; };
		53F27D0521DDEAF30006366E /* MainViewController.swift */ = {isa = PBXFileReference; fileEncoding = 4; lastKnownFileType = sourcecode.swift; path = MainViewController.swift; sourceTree = "<group>"; };
		53F27D0721DDEAFA0006366E /* RankTableViewCell.swift */ = {isa = PBXFileReference; fileEncoding = 4; lastKnownFileType = sourcecode.swift; path = RankTableViewCell.swift; sourceTree = "<group>"; };
		53F27D0921DDEB000006366E /* RankTableViewController.swift */ = {isa = PBXFileReference; fileEncoding = 4; lastKnownFileType = sourcecode.swift; path = RankTableViewController.swift; sourceTree = "<group>"; };
		53F27D0B21DDEB0D0006366E /* User.swift */ = {isa = PBXFileReference; fileEncoding = 4; lastKnownFileType = sourcecode.swift; path = User.swift; sourceTree = "<group>"; };
		8DAFA9F020E2D3E800B4F216 /* Setting.swift */ = {isa = PBXFileReference; lastKnownFileType = sourcecode.swift; path = Setting.swift; sourceTree = "<group>"; };
		8DAFA9F220E2DA3A00B4F216 /* SettingViewController.swift */ = {isa = PBXFileReference; lastKnownFileType = sourcecode.swift; path = SettingViewController.swift; sourceTree = "<group>"; };
		8DCE82A620E20F0300118C18 /* Snake.app */ = {isa = PBXFileReference; explicitFileType = wrapper.application; includeInIndex = 0; path = Snake.app; sourceTree = BUILT_PRODUCTS_DIR; };
		8DCE82A920E20F0300118C18 /* AppDelegate.swift */ = {isa = PBXFileReference; lastKnownFileType = sourcecode.swift; path = AppDelegate.swift; sourceTree = "<group>"; };
		8DCE82AB20E20F0400118C18 /* ViewController.swift */ = {isa = PBXFileReference; lastKnownFileType = sourcecode.swift; path = ViewController.swift; sourceTree = "<group>"; };
		8DCE82AE20E20F0400118C18 /* Base */ = {isa = PBXFileReference; lastKnownFileType = file.storyboard; name = Base; path = Base.lproj/Main.storyboard; sourceTree = "<group>"; };
		8DCE82B020E20F0400118C18 /* Assets.xcassets */ = {isa = PBXFileReference; lastKnownFileType = folder.assetcatalog; path = Assets.xcassets; sourceTree = "<group>"; };
		8DCE82B320E20F0400118C18 /* Base */ = {isa = PBXFileReference; lastKnownFileType = file.storyboard; name = Base; path = Base.lproj/LaunchScreen.storyboard; sourceTree = "<group>"; };
		8DCE82B520E20F0400118C18 /* Info.plist */ = {isa = PBXFileReference; lastKnownFileType = text.plist.xml; path = Info.plist; sourceTree = "<group>"; };
		8DCE82BB20E2114500118C18 /* Game.swift */ = {isa = PBXFileReference; lastKnownFileType = sourcecode.swift; path = Game.swift; sourceTree = "<group>"; };
		8DCE82DE20E2761600118C18 /* tail1.png */ = {isa = PBXFileReference; lastKnownFileType = image.png; path = tail1.png; sourceTree = "<group>"; };
/* End PBXFileReference section */

/* Begin PBXFrameworksBuildPhase section */
		8DCE82A320E20F0300118C18 /* Frameworks */ = {
			isa = PBXFrameworksBuildPhase;
			buildActionMask = 2147483647;
			files = (
			);
			runOnlyForDeploymentPostprocessing = 0;
		};
/* End PBXFrameworksBuildPhase section */

/* Begin PBXGroup section */
		8DCE829D20E20F0300118C18 = {
			isa = PBXGroup;
			children = (
				8DCE82A820E20F0300118C18 /* Snake */,
				8DCE82A720E20F0300118C18 /* Products */,
			);
			sourceTree = "<group>";
		};
		8DCE82A720E20F0300118C18 /* Products */ = {
			isa = PBXGroup;
			children = (
				8DCE82A620E20F0300118C18 /* Snake.app */,
			);
			name = Products;
			sourceTree = "<group>";
		};
		8DCE82A820E20F0300118C18 /* Snake */ = {
			isa = PBXGroup;
			children = (
				3501600E21E3246B007B154E /* food1.png */,
				8DCE82DE20E2761600118C18 /* tail1.png */,
				3540394C21E853D8008BF174 /* tail2.png */,
				3540394D21E853D8008BF174 /* tail3.png */,
				3540394E21E853D8008BF174 /* tail4.png */,
				3540393F21E853C6008BF174 /* body1.png */,
				3540393E21E853C6008BF174 /* body2.png */,
				3540393D21E853C6008BF174 /* body3.png */,
				3540393C21E853C6008BF174 /* body4.png */,
				3540394521E853CF008BF174 /* head1.png */,
				3540394621E853CF008BF174 /* head2.png */,
				3540394721E853CF008BF174 /* head3.png */,
				3540394421E853CF008BF174 /* head4.png */,
				8DCE82A920E20F0300118C18 /* AppDelegate.swift */,
				53F27D0121DDEAE40006366E /* EditTableViewController.swift */,
				8DCE82BB20E2114500118C18 /* Game.swift */,
				53F27D0321DDEAEC0006366E /* GameViewController.swift */,
				53F27D0521DDEAF30006366E /* MainViewController.swift */,
				53F27D0721DDEAFA0006366E /* RankTableViewCell.swift */,
				53F27D0921DDEB000006366E /* RankTableViewController.swift */,
				8DAFA9F220E2DA3A00B4F216 /* SettingViewController.swift */,
				8DAFA9F020E2D3E800B4F216 /* Setting.swift */,
				53F27D0B21DDEB0D0006366E /* User.swift */,
				8DCE82AB20E20F0400118C18 /* ViewController.swift */,
				8DCE82AD20E20F0400118C18 /* Main.storyboard */,
				8DCE82B020E20F0400118C18 /* Assets.xcassets */,
				8DCE82B220E20F0400118C18 /* LaunchScreen.storyboard */,
				8DCE82B520E20F0400118C18 /* Info.plist */,
			);
			path = Snake;
			sourceTree = "<group>";
		};
/* End PBXGroup section */

/* Begin PBXNativeTarget section */
		8DCE82A520E20F0300118C18 /* Snake */ = {
			isa = PBXNativeTarget;
			buildConfigurationList = 8DCE82B820E20F0400118C18 /* Build configuration list for PBXNativeTarget "Snake" */;
			buildPhases = (
				8DCE82A220E20F0300118C18 /* Sources */,
				8DCE82A320E20F0300118C18 /* Frameworks */,
				8DCE82A420E20F0300118C18 /* Resources */,
			);
			buildRules = (
			);
			dependencies = (
			);
			name = Snake;
			productName = Snake;
			productReference = 8DCE82A620E20F0300118C18 /* Snake.app */;
			productType = "com.apple.product-type.application";
		};
/* End PBXNativeTarget section */

/* Begin PBXProject section */
		8DCE829E20E20F0300118C18 /* Project object */ = {
			isa = PBXProject;
			attributes = {
				LastSwiftUpdateCheck = 0940;
				LastUpgradeCheck = 0940;
				ORGANIZATIONNAME = AutumnCAT;
				TargetAttributes = {
					8DCE82A520E20F0300118C18 = {
						CreatedOnToolsVersion = 9.4.1;
					};
				};
			};
			buildConfigurationList = 8DCE82A120E20F0300118C18 /* Build configuration list for PBXProject "Snake" */;
			compatibilityVersion = "Xcode 9.3";
			developmentRegion = en;
			hasScannedForEncodings = 0;
			knownRegions = (
				en,
				Base,
			);
			mainGroup = 8DCE829D20E20F0300118C18;
			productRefGroup = 8DCE82A720E20F0300118C18 /* Products */;
			projectDirPath = "";
			projectRoot = "";
			targets = (
				8DCE82A520E20F0300118C18 /* Snake */,
			);
		};
/* End PBXProject section */

/* Begin PBXResourcesBuildPhase section */
		8DCE82A420E20F0300118C18 /* Resources */ = {
			isa = PBXResourcesBuildPhase;
			buildActionMask = 2147483647;
			files = (
				3540394821E853CF008BF174 /* head4.png in Resources */,
				8DCE82B420E20F0400118C18 /* LaunchScreen.storyboard in Resources */,
				3540394121E853C6008BF174 /* body3.png in Resources */,
				3540394B21E853CF008BF174 /* head3.png in Resources */,
				3540394321E853C6008BF174 /* body1.png in Resources */,
				3540394A21E853CF008BF174 /* head2.png in Resources */,
				3501600F21E3246C007B154E /* food1.png in Resources */,
				3540394021E853C6008BF174 /* body4.png in Resources */,
				3540394221E853C6008BF174 /* body2.png in Resources */,
				8DCE82B120E20F0400118C18 /* Assets.xcassets in Resources */,
				3540395121E853D8008BF174 /* tail4.png in Resources */,
				8DCE82E220E2761700118C18 /* tail1.png in Resources */,
				3540394921E853CF008BF174 /* head1.png in Resources */,
				3540394F21E853D8008BF174 /* tail2.png in Resources */,
				8DCE82AF20E20F0400118C18 /* Main.storyboard in Resources */,
				3540395021E853D8008BF174 /* tail3.png in Resources */,
			);
			runOnlyForDeploymentPostprocessing = 0;
		};
/* End PBXResourcesBuildPhase section */

/* Begin PBXSourcesBuildPhase section */
		8DCE82A220E20F0300118C18 /* Sources */ = {
			isa = PBXSourcesBuildPhase;
			buildActionMask = 2147483647;
			files = (
				53F27D0421DDEAEC0006366E /* GameViewController.swift in Sources */,
				53F27D0821DDEAFA0006366E /* RankTableViewCell.swift in Sources */,
				8DAFA9F120E2D3E800B4F216 /* Setting.swift in Sources */,
				53F27D0221DDEAE40006366E /* EditTableViewController.swift in Sources */,
				8DAFA9F320E2DA3A00B4F216 /* SettingViewController.swift in Sources */,
				53F27D0A21DDEB000006366E /* RankTableViewController.swift in Sources */,
				8DCE82AC20E20F0400118C18 /* ViewController.swift in Sources */,
				8DCE82BC20E2114500118C18 /* Game.swift in Sources */,
				8DCE82AA20E20F0300118C18 /* AppDelegate.swift in Sources */,
				53F27D0621DDEAF30006366E /* MainViewController.swift in Sources */,
				53F27D0C21DDEB0D0006366E /* User.swift in Sources */,
			);
			runOnlyForDeploymentPostprocessing = 0;
		};
/* End PBXSourcesBuildPhase section */

/* Begin PBXVariantGroup section */
		8DCE82AD20E20F0400118C18 /* Main.storyboard */ = {
			isa = PBXVariantGroup;
			children = (
				8DCE82AE20E20F0400118C18 /* Base */,
			);
			name = Main.storyboard;
			sourceTree = "<group>";
		};
		8DCE82B220E20F0400118C18 /* LaunchScreen.storyboard */ = {
			isa = PBXVariantGroup;
			children = (
				8DCE82B320E20F0400118C18 /* Base */,
			);
			name = LaunchScreen.storyboard;
			sourceTree = "<group>";
		};
/* End PBXVariantGroup section */

/* Begin XCBuildConfiguration section */
		8DCE82B620E20F0400118C18 /* Debug */ = {
			isa = XCBuildConfiguration;
			buildSettings = {
				ALWAYS_SEARCH_USER_PATHS = NO;
				CLANG_ANALYZER_NONNULL = YES;
				CLANG_ANALYZER_NUMBER_OBJECT_CONVERSION = YES_AGGRESSIVE;
				CLANG_CXX_LANGUAGE_STANDARD = "gnu++14";
				CLANG_CXX_LIBRARY = "libc++";
				CLANG_ENABLE_MODULES = YES;
				CLANG_ENABLE_OBJC_ARC = YES;
				CLANG_ENABLE_OBJC_WEAK = YES;
				CLANG_WARN_BLOCK_CAPTURE_AUTORELEASING = YES;
				CLANG_WARN_BOOL_CONVERSION = YES;
				CLANG_WARN_COMMA = YES;
				CLANG_WARN_CONSTANT_CONVERSION = YES;
				CLANG_WARN_DEPRECATED_OBJC_IMPLEMENTATIONS = YES;
				CLANG_WARN_DIRECT_OBJC_ISA_USAGE = YES_ERROR;
				CLANG_WARN_DOCUMENTATION_COMMENTS = YES;
				CLANG_WARN_EMPTY_BODY = YES;
				CLANG_WARN_ENUM_CONVERSION = YES;
				CLANG_WARN_INFINITE_RECURSION = YES;
				CLANG_WARN_INT_CONVERSION = YES;
				CLANG_WARN_NON_LITERAL_NULL_CONVERSION = YES;
				CLANG_WARN_OBJC_IMPLICIT_RETAIN_SELF = YES;
				CLANG_WARN_OBJC_LITERAL_CONVERSION = YES;
				CLANG_WARN_OBJC_ROOT_CLASS = YES_ERROR;
				CLANG_WARN_RANGE_LOOP_ANALYSIS = YES;
				CLANG_WARN_STRICT_PROTOTYPES = YES;
				CLANG_WARN_SUSPICIOUS_MOVE = YES;
				CLANG_WARN_UNGUARDED_AVAILABILITY = YES_AGGRESSIVE;
				CLANG_WARN_UNREACHABLE_CODE = YES;
				CLANG_WARN__DUPLICATE_METHOD_MATCH = YES;
				CODE_SIGN_IDENTITY = "iPhone Developer";
				COPY_PHASE_STRIP = NO;
				DEBUG_INFORMATION_FORMAT = dwarf;
				ENABLE_STRICT_OBJC_MSGSEND = YES;
				ENABLE_TESTABILITY = YES;
				GCC_C_LANGUAGE_STANDARD = gnu11;
				GCC_DYNAMIC_NO_PIC = NO;
				GCC_NO_COMMON_BLOCKS = YES;
				GCC_OPTIMIZATION_LEVEL = 0;
				GCC_PREPROCESSOR_DEFINITIONS = (
					"DEBUG=1",
					"$(inherited)",
				);
				GCC_WARN_64_TO_32_BIT_CONVERSION = YES;
				GCC_WARN_ABOUT_RETURN_TYPE = YES_ERROR;
				GCC_WARN_UNDECLARED_SELECTOR = YES;
				GCC_WARN_UNINITIALIZED_AUTOS = YES_AGGRESSIVE;
				GCC_WARN_UNUSED_FUNCTION = YES;
				GCC_WARN_UNUSED_VARIABLE = YES;
				IPHONEOS_DEPLOYMENT_TARGET = 11.4;
				MTL_ENABLE_DEBUG_INFO = YES;
				ONLY_ACTIVE_ARCH = YES;
				SDKROOT = iphoneos;
				SWIFT_ACTIVE_COMPILATION_CONDITIONS = DEBUG;
				SWIFT_OPTIMIZATION_LEVEL = "-Onone";
			};
			name = Debug;
		};
		8DCE82B720E20F0400118C18 /* Release */ = {
			isa = XCBuildConfiguration;
			buildSettings = {
				ALWAYS_SEARCH_USER_PATHS = NO;
				CLANG_ANALYZER_NONNULL = YES;
				CLANG_ANALYZER_NUMBER_OBJECT_CONVERSION = YES_AGGRESSIVE;
				CLANG_CXX_LANGUAGE_STANDARD = "gnu++14";
				CLANG_CXX_LIBRARY = "libc++";
				CLANG_ENABLE_MODULES = YES;
				CLANG_ENABLE_OBJC_ARC = YES;
				CLANG_ENABLE_OBJC_WEAK = YES;
				CLANG_WARN_BLOCK_CAPTURE_AUTORELEASING = YES;
				CLANG_WARN_BOOL_CONVERSION = YES;
				CLANG_WARN_COMMA = YES;
				CLANG_WARN_CONSTANT_CONVERSION = YES;
				CLANG_WARN_DEPRECATED_OBJC_IMPLEMENTATIONS = YES;
				CLANG_WARN_DIRECT_OBJC_ISA_USAGE = YES_ERROR;
				CLANG_WARN_DOCUMENTATION_COMMENTS = YES;
				CLANG_WARN_EMPTY_BODY = YES;
				CLANG_WARN_ENUM_CONVERSION = YES;
				CLANG_WARN_INFINITE_RECURSION = YES;
				CLANG_WARN_INT_CONVERSION = YES;
				CLANG_WARN_NON_LITERAL_NULL_CONVERSION = YES;
				CLANG_WARN_OBJC_IMPLICIT_RETAIN_SELF = YES;
				CLANG_WARN_OBJC_LITERAL_CONVERSION = YES;
				CLANG_WARN_OBJC_ROOT_CLASS = YES_ERROR;
				CLANG_WARN_RANGE_LOOP_ANALYSIS = YES;
				CLANG_WARN_STRICT_PROTOTYPES = YES;
				CLANG_WARN_SUSPICIOUS_MOVE = YES;
				CLANG_WARN_UNGUARDED_AVAILABILITY = YES_AGGRESSIVE;
				CLANG_WARN_UNREACHABLE_CODE = YES;
				CLANG_WARN__DUPLICATE_METHOD_MATCH = YES;
				CODE_SIGN_IDENTITY = "iPhone Developer";
				COPY_PHASE_STRIP = NO;
				DEBUG_INFORMATION_FORMAT = "dwarf-with-dsym";
				ENABLE_NS_ASSERTIONS = NO;
				ENABLE_STRICT_OBJC_MSGSEND = YES;
				GCC_C_LANGUAGE_STANDARD = gnu11;
				GCC_NO_COMMON_BLOCKS = YES;
				GCC_WARN_64_TO_32_BIT_CONVERSION = YES;
				GCC_WARN_ABOUT_RETURN_TYPE = YES_ERROR;
				GCC_WARN_UNDECLARED_SELECTOR = YES;
				GCC_WARN_UNINITIALIZED_AUTOS = YES_AGGRESSIVE;
				GCC_WARN_UNUSED_FUNCTION = YES;
				GCC_WARN_UNUSED_VARIABLE = YES;
				IPHONEOS_DEPLOYMENT_TARGET = 11.4;
				MTL_ENABLE_DEBUG_INFO = NO;
				SDKROOT = iphoneos;
				SWIFT_COMPILATION_MODE = wholemodule;
				SWIFT_OPTIMIZATION_LEVEL = "-O";
				VALIDATE_PRODUCT = YES;
			};
			name = Release;
		};
		8DCE82B920E20F0400118C18 /* Debug */ = {
			isa = XCBuildConfiguration;
			buildSettings = {
				ASSETCATALOG_COMPILER_APPICON_NAME = AppIcon;
				CODE_SIGN_STYLE = Automatic;
				INFOPLIST_FILE = Snake/Info.plist;
				IPHONEOS_DEPLOYMENT_TARGET = 12.0;
				LD_RUNPATH_SEARCH_PATHS = (
					"$(inherited)",
					"@executable_path/Frameworks",
				);
				PRODUCT_BUNDLE_IDENTIFIER = com.ntoucs.Snake;
				PRODUCT_NAME = "$(TARGET_NAME)";
				SWIFT_VERSION = 4.0;
				TARGETED_DEVICE_FAMILY = "1,2";
			};
			name = Debug;
		};
		8DCE82BA20E20F0400118C18 /* Release */ = {
			isa = XCBuildConfiguration;
			buildSettings = {
				ASSETCATALOG_COMPILER_APPICON_NAME = AppIcon;
				CODE_SIGN_STYLE = Automatic;
				INFOPLIST_FILE = Snake/Info.plist;
				IPHONEOS_DEPLOYMENT_TARGET = 12.0;
				LD_RUNPATH_SEARCH_PATHS = (
					"$(inherited)",
					"@executable_path/Frameworks",
				);
				PRODUCT_BUNDLE_IDENTIFIER = com.ntoucs.Snake;
				PRODUCT_NAME = "$(TARGET_NAME)";
				SWIFT_VERSION = 4.0;
				TARGETED_DEVICE_FAMILY = "1,2";
			};
			name = Release;
		};
/* End XCBuildConfiguration section */

/* Begin XCConfigurationList section */
		8DCE82A120E20F0300118C18 /* Build configuration list for PBXProject "Snake" */ = {
			isa = XCConfigurationList;
			buildConfigurations = (
				8DCE82B620E20F0400118C18 /* Debug */,
				8DCE82B720E20F0400118C18 /* Release */,
			);
			defaultConfigurationIsVisible = 0;
			defaultConfigurationName = Release;
		};
		8DCE82B820E20F0400118C18 /* Build configuration list for PBXNativeTarget "Snake" */ = {
			isa = XCConfigurationList;
			buildConfigurations = (
				8DCE82B920E20F0400118C18 /* Debug */,
				8DCE82BA20E20F0400118C18 /* Release */,
			);
			defaultConfigurationIsVisible = 0;
			defaultConfigurationName = Release;
		};
/* End XCConfigurationList section */
	};
	rootObject = 8DCE829E20E20F0300118C18 /* Project object */;
}
